
Microsoft Visual Studio Solution File, Format Version 12.00
# Visual Studio Version 17
VisualStudioVersion = 17.3.32929.385
MinimumVisualStudioVersion = 10.0.40219.1
Project("{FAE04EC0-301F-11D3-BF4B-00C04F79EFBC}") = "Api", "Api\Api.csproj", "{35FE3488-FD11-47FD-8CFF-57E878B1535E}"
EndProject
Global
	GlobalSection(SolutionConfigurationPlatforms) = preSolution
		Debug|Any CPU = Debug|Any CPU
		Release|Any CPU = Release|Any CPU
	EndGlobalSection
	GlobalSection(ProjectConfigurationPlatforms) = postSolution
		{35FE3488-FD11-47FD-8CFF-57E878B1535E}.Debug|Any CPU.ActiveCfg = Debug|Any CPU
		{35FE3488-FD11-47FD-8CFF-57E878B1535E}.Debug|Any CPU.Build.0 = Debug|Any CPU
		{35FE3488-FD11-47FD-8CFF-57E878B1535E}.Release|Any CPU.ActiveCfg = Release|Any CPU
		{35FE3488-FD11-47FD-8CFF-57E878B1535E}.Release|Any CPU.Build.0 = Release|Any CPU
	EndGlobalSection
	GlobalSection(SolutionProperties) = preSolution
		HideSolutionNode = FALSE
	EndGlobalSection
	GlobalSection(ExtensibilityGlobals) = postSolution
		SolutionGuid = {7E632C5F-F1D3-4ED8-A839-0ED71906B6D9}
	EndGlobalSection
EndGlobal
